lockVersion: 2.0.0
id: e4282a6d-ee5d-4dff-a39c-7c48bfc05230
management:
  docChecksum: 4496f20e2f98e5932412c3bdb5614bda
  docVersion: 1.0.0
  speakeasyVersion: 1.227.0
  generationVersion: 2.291.0
  releaseVersion: 0.7.0
  configChecksum: 9994846321a240f9c2a2db404ca29d8a
  repoURL: https://github.com/epilot-dev/terraform-provider-epilot-order.git
  repoSubDirectory: .
  published: true
features:
  terraform:
    additionalProperties: 0.1.2
    constsAndDefaults: 0.1.4
    core: 3.12.1
    globalSecurity: 2.81.6
    globalServerURLs: 2.82.1
generatedFiles:
  - internal/sdk/order.go
  - internal/sdk/sdk.go
  - internal/sdk/models/errors/sdkerror.go
  - internal/sdk/types/bigint.go
  - internal/sdk/types/date.go
  - internal/sdk/types/datetime.go
  - internal/sdk/types/decimal.go
  - internal/sdk/types/pointers.go
  - internal/sdk/internal/utils/contenttype.go
  - internal/sdk/internal/utils/form.go
  - internal/sdk/internal/utils/headers.go
  - internal/sdk/internal/utils/json.go
  - internal/sdk/internal/utils/pathparams.go
  - internal/sdk/internal/utils/queryparams.go
  - internal/sdk/internal/utils/requestbody.go
  - internal/sdk/internal/utils/retries.go
  - internal/sdk/internal/utils/security.go
  - internal/sdk/internal/utils/utils.go
  - internal/sdk/models/operations/createorder.go
  - internal/sdk/models/operations/deleteorder.go
  - internal/sdk/models/operations/getorder.go
  - internal/sdk/models/operations/patchorder.go
  - internal/sdk/models/operations/updateorder.go
  - internal/sdk/models/shared/servererror.go
  - internal/sdk/models/shared/order.go
  - internal/sdk/models/shared/baserelation.go
  - internal/sdk/models/shared/baseaddress.go
  - internal/sdk/models/shared/baseentityowner.go
  - internal/sdk/models/shared/baseentityacl.go
  - internal/sdk/models/shared/clienterror.go
  - internal/sdk/models/shared/ordercreate.go
  - internal/sdk/models/shared/orderpatch.go
  - internal/sdk/models/shared/security.go
  - internal/sdk/.gitignore
  - internal/sdk/.gitattributes
  - internal/sdk/internal/hooks/registration.go
  - internal/sdk/internal/hooks/hooks.go
  - examples/README.md
  - go.mod
  - go.sum
  - internal/planmodifiers/boolplanmodifier/suppress_diff.go
  - internal/planmodifiers/float64planmodifier/suppress_diff.go
  - internal/planmodifiers/int64planmodifier/suppress_diff.go
  - internal/planmodifiers/listplanmodifier/suppress_diff.go
  - internal/planmodifiers/mapplanmodifier/suppress_diff.go
  - internal/planmodifiers/numberplanmodifier/suppress_diff.go
  - internal/planmodifiers/objectplanmodifier/suppress_diff.go
  - internal/planmodifiers/setplanmodifier/suppress_diff.go
  - internal/planmodifiers/stringplanmodifier/suppress_diff.go
  - internal/planmodifiers/utils/state_check.go
  - internal/provider/reflect/diags.go
  - internal/provider/reflect/doc.go
  - internal/provider/reflect/generic_attr_value.go
  - internal/provider/reflect/helpers.go
  - internal/provider/reflect/interfaces.go
  - internal/provider/reflect/into.go
  - internal/provider/reflect/map.go
  - internal/provider/reflect/number.go
  - internal/provider/reflect/options.go
  - internal/provider/reflect/outof.go
  - internal/provider/reflect/pointer.go
  - internal/provider/reflect/primitive.go
  - internal/provider/reflect/slice.go
  - internal/provider/reflect/struct.go
  - internal/provider/utils.go
  - internal/validators/DateValidator.go
  - internal/validators/ExactlyOneChild.go
  - internal/validators/JSONParseValidator.go
  - internal/validators/RFC3339Validator.go
  - internal/validators/boolvalidators/not_null.go
  - internal/validators/float64validators/not_null.go
  - internal/validators/int64validators/not_null.go
  - internal/validators/listvalidators/not_null.go
  - internal/validators/mapvalidators/not_null.go
  - internal/validators/numbervalidators/not_null.go
  - internal/validators/objectvalidators/not_null.go
  - internal/validators/setvalidators/not_null.go
  - internal/validators/stringvalidators/not_null.go
  - main.go
  - terraform-registry-manifest.json
  - tools/tools.go
  - internal/provider/types/base_entity_acl.go
  - internal/provider/types/base_entity_owner.go
  - internal/provider/types/base_address.go
  - internal/provider/types/dollar_relation.go
  - internal/provider/types/base_relation.go
  - internal/provider/types/order_create_source.go
  - internal/provider/types/recurrences.go
  - internal/provider/types/tax.go
  - internal/provider/types/taxes.go
  - internal/provider/types/order_create_breakdown.go
  - internal/provider/types/order_create_totals_detail.go
  - USAGE.md
  - internal/provider/provider.go
  - examples/provider/provider.tf
  - internal/provider/order_resource.go
  - internal/provider/order_resource_sdk.go
  - examples/resources/epilot-order_order/resource.tf
  - internal/provider/order_data_source.go
  - internal/provider/order_data_source_sdk.go
  - examples/data-sources/epilot-order_order/data-source.tf
  - .gitattributes
